
Microsoft Visual Studio Solution File, Format Version 12.00
# Visual Studio 15
VisualStudioVersion = 15.0.28307.271
MinimumVisualStudioVersion = 10.0.40219.1
Project("{FAE04EC0-301F-11D3-BF4B-00C04F79EFBC}") = "OOP.Otomobile_Indicator", "OOP.Otomobile_Indicator\OOP.Otomobile_Indicator.csproj", "{A1CDC9F3-A1B0-46EC-BB0E-EAA70D856AE4}"
EndProject
Global
	GlobalSection(SolutionConfigurationPlatforms) = preSolution
		Debug|Any CPU = Debug|Any CPU
		Release|Any CPU = Release|Any CPU
	EndGlobalSection
	GlobalSection(ProjectConfigurationPlatforms) = postSolution
		{A1CDC9F3-A1B0-46EC-BB0E-EAA70D856AE4}.Debug|Any CPU.ActiveCfg = Debug|Any CPU
		{A1CDC9F3-A1B0-46EC-BB0E-EAA70D856AE4}.Debug|Any CPU.Build.0 = Debug|Any CPU
		{A1CDC9F3-A1B0-46EC-BB0E-EAA70D856AE4}.Release|Any CPU.ActiveCfg = Release|Any CPU
		{A1CDC9F3-A1B0-46EC-BB0E-EAA70D856AE4}.Release|Any CPU.Build.0 = Release|Any CPU
	EndGlobalSection
	GlobalSection(SolutionProperties) = preSolution
		HideSolutionNode = FALSE
	EndGlobalSection
	GlobalSection(ExtensibilityGlobals) = postSolution
		SolutionGuid = {1E541DC2-D3F0-48DA-B86B-6ED355337F4C}
	EndGlobalSection
EndGlobal
